
Microsoft Visual Studio Solution File, Format Version 12.00
# Visual Studio 15
Project("{FAE04EC0-301F-11D3-BF4B-00C04F79EFBC}") = "tjgenerators.Editor", "tjgenerators.Editor.csproj", "{F820657F-2B5D-B14A-6BF3-82B9CDDF78A6}"
EndProject
Project("{FAE04EC0-301F-11D3-BF4B-00C04F79EFBC}") = "Assembly-CSharp", "Assembly-CSharp.csproj", "{9D978923-1B31-1912-2285-E8A4ACBB612B}"
EndProject
Project("{FAE04EC0-301F-11D3-BF4B-00C04F79EFBC}") = "UnityTcp.CustomTool", "UnityTcp.CustomTool.csproj", "{8EE01D05-ED22-2687-DCF8-9CC8A3179292}"
EndProject
Global
	GlobalSection(SolutionConfigurationPlatforms) = preSolution
		Debug|Any CPU = Debug|Any CPU
		Release|Any CPU = Release|Any CPU
	EndGlobalSection
	GlobalSection(ProjectConfigurationPlatforms) = postSolution
		{F820657F-2B5D-B14A-6BF3-82B9CDDF78A6}.Debug|Any CPU.ActiveCfg = Debug|Any CPU
		{F820657F-2B5D-B14A-6BF3-82B9CDDF78A6}.Debug|Any CPU.Build.0 = Debug|Any CPU
		{F820657F-2B5D-B14A-6BF3-82B9CDDF78A6}.Release|Any CPU.ActiveCfg = Release|Any CPU
		{F820657F-2B5D-B14A-6BF3-82B9CDDF78A6}.Release|Any CPU.Build.0 = Release|Any CPU
		{9D978923-1B31-1912-2285-E8A4ACBB612B}.Debug|Any CPU.ActiveCfg = Debug|Any CPU
		{9D978923-1B31-1912-2285-E8A4ACBB612B}.Debug|Any CPU.Build.0 = Debug|Any CPU
		{9D978923-1B31-1912-2285-E8A4ACBB612B}.Release|Any CPU.ActiveCfg = Release|Any CPU
		{9D978923-1B31-1912-2285-E8A4ACBB612B}.Release|Any CPU.Build.0 = Release|Any CPU
		{8EE01D05-ED22-2687-DCF8-9CC8A3179292}.Debug|Any CPU.ActiveCfg = Debug|Any CPU
		{8EE01D05-ED22-2687-DCF8-9CC8A3179292}.Debug|Any CPU.Build.0 = Debug|Any CPU
		{8EE01D05-ED22-2687-DCF8-9CC8A3179292}.Release|Any CPU.ActiveCfg = Release|Any CPU
		{8EE01D05-ED22-2687-DCF8-9CC8A3179292}.Release|Any CPU.Build.0 = Release|Any CPU
	EndGlobalSection
	GlobalSection(SolutionProperties) = preSolution
		HideSolutionNode = FALSE
	EndGlobalSection
EndGlobal
